
Microsoft Visual Studio Solution File, Format Version 12.00
# Visual Studio Version 17
VisualStudioVersion = 17.3.32901.215
MinimumVisualStudioVersion = 10.0.40219.1
Project("{FAE04EC0-301F-11D3-BF4B-00C04F79EFBC}") = "PhoneBook", "PhoneBook\PhoneBook.csproj", "{4AA76828-27CC-4769-A08C-E53F010FE398}"
EndProject
Project("{FAE04EC0-301F-11D3-BF4B-00C04F79EFBC}") = "BusinessLogicLayer", "BusinessLogicLayer\BusinessLogicLayer.csproj", "{2D342BB5-6077-487B-9803-D81E3EB424C9}"
EndProject
Project("{FAE04EC0-301F-11D3-BF4B-00C04F79EFBC}") = "DataAccessLayer", "DataAccessLayer\DataAccessLayer.csproj", "{362CF9EE-B155-4884-8FDD-8073AD5FA9C4}"
EndProject
Global
	GlobalSection(SolutionConfigurationPlatforms) = preSolution
		Debug|Any CPU = Debug|Any CPU
		Release|Any CPU = Release|Any CPU
	EndGlobalSection
	GlobalSection(ProjectConfigurationPlatforms) = postSolution
		{4AA76828-27CC-4769-A08C-E53F010FE398}.Debug|Any CPU.ActiveCfg = Debug|Any CPU
		{4AA76828-27CC-4769-A08C-E53F010FE398}.Debug|Any CPU.Build.0 = Debug|Any CPU
		{4AA76828-27CC-4769-A08C-E53F010FE398}.Release|Any CPU.ActiveCfg = Release|Any CPU
		{4AA76828-27CC-4769-A08C-E53F010FE398}.Release|Any CPU.Build.0 = Release|Any CPU
		{2D342BB5-6077-487B-9803-D81E3EB424C9}.Debug|Any CPU.ActiveCfg = Debug|Any CPU
		{2D342BB5-6077-487B-9803-D81E3EB424C9}.Debug|Any CPU.Build.0 = Debug|Any CPU
		{2D342BB5-6077-487B-9803-D81E3EB424C9}.Release|Any CPU.ActiveCfg = Release|Any CPU
		{2D342BB5-6077-487B-9803-D81E3EB424C9}.Release|Any CPU.Build.0 = Release|Any CPU
		{362CF9EE-B155-4884-8FDD-8073AD5FA9C4}.Debug|Any CPU.ActiveCfg = Debug|Any CPU
		{362CF9EE-B155-4884-8FDD-8073AD5FA9C4}.Debug|Any CPU.Build.0 = Debug|Any CPU
		{362CF9EE-B155-4884-8FDD-8073AD5FA9C4}.Release|Any CPU.ActiveCfg = Release|Any CPU
		{362CF9EE-B155-4884-8FDD-8073AD5FA9C4}.Release|Any CPU.Build.0 = Release|Any CPU
	EndGlobalSection
	GlobalSection(SolutionProperties) = preSolution
		HideSolutionNode = FALSE
	EndGlobalSection
	GlobalSection(ExtensibilityGlobals) = postSolution
		SolutionGuid = {908ACE75-C17E-48C4-8C3B-38250D9ABEE9}
	EndGlobalSection
EndGlobal
